// !$*UTF8*$!
{
	archiveVersion = 1;
	classes = {
	};
	objectVersion = 51;
	objects = {

/* Begin PBXBuildFile section */
		360BC94C23BBE64C00EE8324 /* cheer.m4a in Resources */ = {isa = PBXBuildFile; fileRef = 360BC94B23BBE64C00EE8324 /* cheer.m4a */; };
		360BC95023BBE70B00EE8324 /* Sad_Trombone.mp3 in Resources */ = {isa = PBXBuildFile; fileRef = 360BC94F23BBE70B00EE8324 /* Sad_Trombone.mp3 */; };
		3617752323DE1A5A00FC6DCE /* HelpViewController.swift in Sources */ = {isa = PBXBuildFile; fileRef = 3617752223DE1A5A00FC6DCE /* HelpViewController.swift */; };
		36348226239C6E82009A14C7 /* TimerViewController.swift in Sources */ = {isa = PBXBuildFile; fileRef = 36348225239C6E82009A14C7 /* TimerViewController.swift */; };
		3634822823A0615F009A14C7 /* SolveTime.swift in Sources */ = {isa = PBXBuildFile; fileRef = 3634822723A0615F009A14C7 /* SolveTime.swift */; };
		3634822A23A06653009A14C7 /* Session.swift in Sources */ = {isa = PBXBuildFile; fileRef = 3634822923A06653009A14C7 /* Session.swift */; };
		363D562223C7B2E000357368 /* NotificationAlertViewController.swift in Sources */ = {isa = PBXBuildFile; fileRef = 363D562123C7B2E000357368 /* NotificationAlertViewController.swift */; };
		363D562423C7B41A00357368 /* NotificationAlert.storyboard in Resources */ = {isa = PBXBuildFile; fileRef = 363D562323C7B41A00357368 /* NotificationAlert.storyboard */; };
		3654A84223BC02280066A48F /* LogoViewController.swift in Sources */ = {isa = PBXBuildFile; fileRef = 3654A84123BC02280066A48F /* LogoViewController.swift */; };
		3654A84523BC09610066A48F /* 8seconds.mp3 in Resources */ = {isa = PBXBuildFile; fileRef = 3654A84323BC09610066A48F /* 8seconds.mp3 */; };
		3654A84623BC09610066A48F /* 12seconds.mp3 in Resources */ = {isa = PBXBuildFile; fileRef = 3654A84423BC09610066A48F /* 12seconds.mp3 */; };
		3663DF4022DD699D006657CF /* Main.storyboard in Resources */ = {isa = PBXBuildFile; fileRef = 3663DF3E22DD699D006657CF /* Main.storyboard */; };
		3663DF4222DD699E006657CF /* Assets.xcassets in Resources */ = {isa = PBXBuildFile; fileRef = 3663DF4122DD699E006657CF /* Assets.xcassets */; };
		3663DF4522DD699E006657CF /* LaunchScreen.storyboard in Resources */ = {isa = PBXBuildFile; fileRef = 3663DF4322DD699E006657CF /* LaunchScreen.storyboard */; };
		3669CEC2238B13A900F1D002 /* scrambles.txt in Resources */ = {isa = PBXBuildFile; fileRef = 3669CEC1238B13A900F1D002 /* scrambles.txt */; };
		3690EAE52316293200CB0B78 /* TabBarController.swift in Sources */ = {isa = PBXBuildFile; fileRef = 360F108E22E551E500EEBB75 /* TabBarController.swift */; };
		3690EAE62316293200CB0B78 /* ScrambleReader.swift in Sources */ = {isa = PBXBuildFile; fileRef = 3663DF5022DEE4E5006657CF /* ScrambleReader.swift */; };
		3690EAE72316293200CB0B78 /* AverageDetailViewController.swift in Sources */ = {isa = PBXBuildFile; fileRef = 3612321423005D9F0044DEF1 /* AverageDetailViewController.swift */; };
		3690EAE82316293200CB0B78 /* SettingsViewController.swift in Sources */ = {isa = PBXBuildFile; fileRef = 361232212300C48E0044DEF1 /* SettingsViewController.swift */; };
		3690EAE92316293200CB0B78 /* ResultViewController.swift in Sources */ = {isa = PBXBuildFile; fileRef = 3612321723005DA00044DEF1 /* ResultViewController.swift */; };
		3690EAEA2316293200CB0B78 /* TargetViewController.swift in Sources */ = {isa = PBXBuildFile; fileRef = 3612321F2300C2CB0044DEF1 /* TargetViewController.swift */; };
		3690EAEB2316293200CB0B78 /* StatsViewController.swift in Sources */ = {isa = PBXBuildFile; fileRef = 3612321823005DA00044DEF1 /* StatsViewController.swift */; };
		3690EAEC2316293200CB0B78 /* ViewController.swift in Sources */ = {isa = PBXBuildFile; fileRef = 3612321323005D9F0044DEF1 /* ViewController.swift */; };
		3690EAEE2316293200CB0B78 /* TwoByTwoSolver.swift in Sources */ = {isa = PBXBuildFile; fileRef = 36412EEC22EE787E0034E0FC /* TwoByTwoSolver.swift */; };
		3690EAEF2316293200CB0B78 /* Clock.m in Sources */ = {isa = PBXBuildFile; fileRef = 361231F122FD289B0044DEF1 /* Clock.m */; };
		3690EAF02316293200CB0B78 /* Clock.h in Sources */ = {isa = PBXBuildFile; fileRef = 361231F322FD2A090044DEF1 /* Clock.h */; };
		3690EAF12316293200CB0B78 /* Megaminx.h in Sources */ = {isa = PBXBuildFile; fileRef = 361231F422FD2A360044DEF1 /* Megaminx.h */; };
		3690EAF22316293200CB0B78 /* Megaminx.m in Sources */ = {isa = PBXBuildFile; fileRef = 361231F522FD2A480044DEF1 /* Megaminx.m */; };
		3690EAF32316293200CB0B78 /* Sq1.m in Sources */ = {isa = PBXBuildFile; fileRef = 361231F722FD2E870044DEF1 /* Sq1.m */; };
		3690EAF42316293200CB0B78 /* Sq1.h in Sources */ = {isa = PBXBuildFile; fileRef = 361231FC22FD2F050044DEF1 /* Sq1.h */; };
		3690EAF52316293200CB0B78 /* Skewb.h in Sources */ = {isa = PBXBuildFile; fileRef = 361231FD22FD2F230044DEF1 /* Skewb.h */; };
		3690EAF62316293200CB0B78 /* Skewb.m in Sources */ = {isa = PBXBuildFile; fileRef = 361231FE22FD2F4C0044DEF1 /* Skewb.m */; };
		3690EAF72316293200CB0B78 /* Pyraminx.h in Sources */ = {isa = PBXBuildFile; fileRef = 3612320022FD2FEA0044DEF1 /* Pyraminx.h */; };
		3690EAF82316293200CB0B78 /* Pyraminx.m in Sources */ = {isa = PBXBuildFile; fileRef = 3690EAE2231627A700CB0B78 /* Pyraminx.m */; };
		3690EAF92316293200CB0B78 /* BigCubeScrambler.m in Sources */ = {isa = PBXBuildFile; fileRef = 3612320822FDC5F80044DEF1 /* BigCubeScrambler.m */; };
		3690EAFA2316293200CB0B78 /* BigCubeScrambler.h in Sources */ = {isa = PBXBuildFile; fileRef = 3612320A22FDC7050044DEF1 /* BigCubeScrambler.h */; };
		3690EAFB2316293200CB0B78 /* Util.h in Sources */ = {isa = PBXBuildFile; fileRef = 361231ED22FD0ADF0044DEF1 /* Util.h */; };
		3690EAFC2316293200CB0B78 /* Util.m in Sources */ = {isa = PBXBuildFile; fileRef = 361231EE22FD0AF70044DEF1 /* Util.m */; };
		3690EAFD2316293200CB0B78 /* Im.m in Sources */ = {isa = PBXBuildFile; fileRef = 3612320322FD30DE0044DEF1 /* Im.m */; };
		3690EAFE2316293200CB0B78 /* Im.h in Sources */ = {isa = PBXBuildFile; fileRef = 3612320522FD30F00044DEF1 /* Im.h */; };
		3690EAFF2316293200CB0B78 /* CubieCube.h in Sources */ = {isa = PBXBuildFile; fileRef = 361231E322FD07830044DEF1 /* CubieCube.h */; };
		3690EB002316293200CB0B78 /* CubieCube.m in Sources */ = {isa = PBXBuildFile; fileRef = 361231E422FD07B30044DEF1 /* CubieCube.m */; };
		3690EB012316293200CB0B78 /* CoordCube.m in Sources */ = {isa = PBXBuildFile; fileRef = 361231E022FD06A10044DEF1 /* CoordCube.m */; };
		3690EB022316293200CB0B78 /* CoordCube.h in Sources */ = {isa = PBXBuildFile; fileRef = 361231E222FD075B0044DEF1 /* CoordCube.h */; };
		3690EB032316293200CB0B78 /* Search.h in Sources */ = {isa = PBXBuildFile; fileRef = 361231E622FD08050044DEF1 /* Search.h */; };
		3690EB042316293200CB0B78 /* Search.m in Sources */ = {isa = PBXBuildFile; fileRef = 361231E722FD081C0044DEF1 /* Search.m */; };
		3690EB052316293200CB0B78 /* TwoPhaseScrambler.h in Sources */ = {isa = PBXBuildFile; fileRef = 361231E922FD08500044DEF1 /* TwoPhaseScrambler.h */; };
		3690EB062316293200CB0B78 /* TwoPhaseScrambler.m in Sources */ = {isa = PBXBuildFile; fileRef = 361231EA22FD08E80044DEF1 /* TwoPhaseScrambler.m */; };
		3690EB072316293700CB0B78 /* CompSim-Bridging-Header.h in Sources */ = {isa = PBXBuildFile; fileRef = 361231F022FD0B4E0044DEF1 /* CompSim-Bridging-Header.h */; };
		3690EB0823162AF800CB0B78 /* AppDelegate.swift in Sources */ = {isa = PBXBuildFile; fileRef = 3663DF3A22DD699D006657CF /* AppDelegate.swift */; };
		3696537923BA45F8000784D9 /* AddSolveAlert.storyboard in Resources */ = {isa = PBXBuildFile; fileRef = 3696537823BA45F8000784D9 /* AddSolveAlert.storyboard */; };
		3696537B23BA4671000784D9 /* AddSolveAlertViewController.swift in Sources */ = {isa = PBXBuildFile; fileRef = 3696537A23BA4671000784D9 /* AddSolveAlertViewController.swift */; };
		3696537D23BA5557000784D9 /* AlertService.swift in Sources */ = {isa = PBXBuildFile; fileRef = 3696537C23BA5557000784D9 /* AlertService.swift */; };
		3696537F23BA8AEF000784D9 /* SimpleAlertViewController.storyboard in Resources */ = {isa = PBXBuildFile; fileRef = 3696537E23BA8AEE000784D9 /* SimpleAlertViewController.storyboard */; };
		3696538123BA8B5C000784D9 /* SimpleAlertViewController.swift in Sources */ = {isa = PBXBuildFile; fileRef = 3696538023BA8B5C000784D9 /* SimpleAlertViewController.swift */; };
		3696538323BA8F51000784D9 /* SimpleAlertService.swift in Sources */ = {isa = PBXBuildFile; fileRef = 3696538223BA8F51000784D9 /* SimpleAlertService.swift */; };
		3696538623BA9B5C000784D9 /* ViewSolveAlert.storyboard in Resources */ = {isa = PBXBuildFile; fileRef = 3696538523BA9B5C000784D9 /* ViewSolveAlert.storyboard */; };
		3696538823BA9F46000784D9 /* ViewSolveAlertService.swift in Sources */ = {isa = PBXBuildFile; fileRef = 3696538723BA9F46000784D9 /* ViewSolveAlertService.swift */; };
		3696538A23BA9F55000784D9 /* ViewSolveAlertViewController.swift in Sources */ = {isa = PBXBuildFile; fileRef = 3696538923BA9F55000784D9 /* ViewSolveAlertViewController.swift */; };
		36A0A4AB23AF676600D41938 /* SolveTimeList.swift in Sources */ = {isa = PBXBuildFile; fileRef = 36A0A4AA23AF676600D41938 /* SolveTimeList.swift */; };
		36B88A9123C7AD93004262CA /* NotificationAlertService.swift in Sources */ = {isa = PBXBuildFile; fileRef = 36B88A9023C7AD93004262CA /* NotificationAlertService.swift */; };
		C79702DB2D2364D767859210 /* Pods_CompSim.framework in Frameworks */ = {isa = PBXBuildFile; fileRef = A701408881740019BBE202B5 /* Pods_CompSim.framework */; };
/* End PBXBuildFile section */

/* Begin PBXFileReference section */
		360BC94B23BBE64C00EE8324 /* cheer.m4a */ = {isa = PBXFileReference; lastKnownFileType = file; path = cheer.m4a; sourceTree = "<group>"; };
		360BC94F23BBE70B00EE8324 /* Sad_Trombone.mp3 */ = {isa = PBXFileReference; lastKnownFileType = audio.mp3; path = Sad_Trombone.mp3; sourceTree = "<group>"; };
		360F108E22E551E500EEBB75 /* TabBarController.swift */ = {isa = PBXFileReference; lastKnownFileType = sourcecode.swift; path = TabBarController.swift; sourceTree = "<group>"; };
		361231E022FD06A10044DEF1 /* CoordCube.m */ = {isa = PBXFileReference; lastKnownFileType = sourcecode.c.objc; path = CoordCube.m; sourceTree = "<group>"; };
		361231E222FD075B0044DEF1 /* CoordCube.h */ = {isa = PBXFileReference; lastKnownFileType = sourcecode.c.h; path = CoordCube.h; sourceTree = "<group>"; };
		361231E322FD07830044DEF1 /* CubieCube.h */ = {isa = PBXFileReference; lastKnownFileType = sourcecode.c.h; path = CubieCube.h; sourceTree = "<group>"; };
		361231E422FD07B30044DEF1 /* CubieCube.m */ = {isa = PBXFileReference; lastKnownFileType = sourcecode.c.objc; path = CubieCube.m; sourceTree = "<group>"; };
		361231E622FD08050044DEF1 /* Search.h */ = {isa = PBXFileReference; lastKnownFileType = sourcecode.c.h; path = Search.h; sourceTree = "<group>"; };
		361231E722FD081C0044DEF1 /* Search.m */ = {isa = PBXFileReference; lastKnownFileType = sourcecode.c.objc; path = Search.m; sourceTree = "<group>"; };
		361231E922FD08500044DEF1 /* TwoPhaseScrambler.h */ = {isa = PBXFileReference; lastKnownFileType = sourcecode.c.h; path = TwoPhaseScrambler.h; sourceTree = "<group>"; };
		361231EA22FD08E80044DEF1 /* TwoPhaseScrambler.m */ = {isa = PBXFileReference; lastKnownFileType = sourcecode.c.objc; path = TwoPhaseScrambler.m; sourceTree = "<group>"; };
		361231ED22FD0ADF0044DEF1 /* Util.h */ = {isa = PBXFileReference; lastKnownFileType = sourcecode.c.h; path = Util.h; sourceTree = "<group>"; };
		361231EE22FD0AF70044DEF1 /* Util.m */ = {isa = PBXFileReference; lastKnownFileType = sourcecode.c.objc; path = Util.m; sourceTree = "<group>"; };
		361231F022FD0B4E0044DEF1 /* CompSim-Bridging-Header.h */ = {isa = PBXFileReference; lastKnownFileType = sourcecode.c.h; path = "CompSim-Bridging-Header.h"; sourceTree = "<group>"; };
		361231F122FD289B0044DEF1 /* Clock.m */ = {isa = PBXFileReference; lastKnownFileType = sourcecode.c.objc; path = Clock.m; sourceTree = "<group>"; };
		361231F322FD2A090044DEF1 /* Clock.h */ = {isa = PBXFileReference; lastKnownFileType = sourcecode.c.h; path = Clock.h; sourceTree = "<group>"; };
		361231F422FD2A360044DEF1 /* Megaminx.h */ = {isa = PBXFileReference; lastKnownFileType = sourcecode.c.h; path = Megaminx.h; sourceTree = "<group>"; };
		361231F522FD2A480044DEF1 /* Megaminx.m */ = {isa = PBXFileReference; lastKnownFileType = sourcecode.c.objc; path = Megaminx.m; sourceTree = "<group>"; };
		361231F722FD2E870044DEF1 /* Sq1.m */ = {isa = PBXFileReference; lastKnownFileType = sourcecode.c.objc; path = Sq1.m; sourceTree = "<group>"; };
		361231FC22FD2F050044DEF1 /* Sq1.h */ = {isa = PBXFileReference; lastKnownFileType = sourcecode.c.h; path = Sq1.h; sourceTree = "<group>"; };
		361231FD22FD2F230044DEF1 /* Skewb.h */ = {isa = PBXFileReference; lastKnownFileType = sourcecode.c.h; path = Skewb.h; sourceTree = "<group>"; };
		361231FE22FD2F4C0044DEF1 /* Skewb.m */ = {isa = PBXFileReference; lastKnownFileType = sourcecode.c.objc; path = Skewb.m; sourceTree = "<group>"; };
		3612320022FD2FEA0044DEF1 /* Pyraminx.h */ = {isa = PBXFileReference; lastKnownFileType = sourcecode.c.h; path = Pyraminx.h; sourceTree = "<group>"; };
		3612320322FD30DE0044DEF1 /* Im.m */ = {isa = PBXFileReference; lastKnownFileType = sourcecode.c.objc; name = Im.m; path = ../Im.m; sourceTree = "<group>"; };
		3612320522FD30F00044DEF1 /* Im.h */ = {isa = PBXFileReference; lastKnownFileType = sourcecode.c.h; name = Im.h; path = ../Im.h; sourceTree = "<group>"; };
		3612320822FDC5F80044DEF1 /* BigCubeScrambler.m */ = {isa = PBXFileReference; lastKnownFileType = sourcecode.c.objc; path = BigCubeScrambler.m; sourceTree = "<group>"; };
		3612320A22FDC7050044DEF1 /* BigCubeScrambler.h */ = {isa = PBXFileReference; lastKnownFileType = sourcecode.c.h; path = BigCubeScrambler.h; sourceTree = "<group>"; };
		3612321323005D9F0044DEF1 /* ViewController.swift */ = {isa = PBXFileReference; lastKnownFileType = sourcecode.swift; path = ViewController.swift; sourceTree = "<group>"; };
		3612321423005D9F0044DEF1 /* AverageDetailViewController.swift */ = {isa = PBXFileReference; lastKnownFileType = sourcecode.swift; path = AverageDetailViewController.swift; sourceTree = "<group>"; };
		3612321723005DA00044DEF1 /* ResultViewController.swift */ = {isa = PBXFileReference; lastKnownFileType = sourcecode.swift; path = ResultViewController.swift; sourceTree = "<group>"; };
		3612321823005DA00044DEF1 /* StatsViewController.swift */ = {isa = PBXFileReference; lastKnownFileType = sourcecode.swift; path = StatsViewController.swift; sourceTree = "<group>"; };
		3612321F2300C2CB0044DEF1 /* TargetViewController.swift */ = {isa = PBXFileReference; fileEncoding = 4; lastKnownFileType = sourcecode.swift; path = TargetViewController.swift; sourceTree = "<group>"; };
		361232212300C48E0044DEF1 /* SettingsViewController.swift */ = {isa = PBXFileReference; fileEncoding = 4; lastKnownFileType = sourcecode.swift; path = SettingsViewController.swift; sourceTree = "<group>"; };
		3617752223DE1A5A00FC6DCE /* HelpViewController.swift */ = {isa = PBXFileReference; lastKnownFileType = sourcecode.swift; path = HelpViewController.swift; sourceTree = "<group>"; };
		36348225239C6E82009A14C7 /* TimerViewController.swift */ = {isa = PBXFileReference; lastKnownFileType = sourcecode.swift; path = TimerViewController.swift; sourceTree = "<group>"; };
		3634822723A0615F009A14C7 /* SolveTime.swift */ = {isa = PBXFileReference; lastKnownFileType = sourcecode.swift; name = SolveTime.swift; path = CompSim/Session/SolveTime.swift; sourceTree = SOURCE_ROOT; };
		3634822923A06653009A14C7 /* Session.swift */ = {isa = PBXFileReference; lastKnownFileType = sourcecode.swift; path = Session.swift; sourceTree = "<group>"; };
		363D562123C7B2E000357368 /* NotificationAlertViewController.swift */ = {isa = PBXFileReference; lastKnownFileType = sourcecode.swift; path = NotificationAlertViewController.swift; sourceTree = "<group>"; };
		363D562323C7B41A00357368 /* NotificationAlert.storyboard */ = {isa = PBXFileReference; lastKnownFileType = file.storyboard; path = NotificationAlert.storyboard; sourceTree = "<group>"; };
		36412EEC22EE787E0034E0FC /* TwoByTwoSolver.swift */ = {isa = PBXFileReference; lastKnownFileType = sourcecode.swift; path = TwoByTwoSolver.swift; sourceTree = "<group>"; };
		3654A84123BC02280066A48F /* LogoViewController.swift */ = {isa = PBXFileReference; lastKnownFileType = sourcecode.swift; name = LogoViewController.swift; path = Controllers/ViewControllers/LogoViewController.swift; sourceTree = "<group>"; };
		3654A84323BC09610066A48F /* 8seconds.mp3 */ = {isa = PBXFileReference; lastKnownFileType = audio.mp3; path = 8seconds.mp3; sourceTree = "<group>"; };
		3654A84423BC09610066A48F /* 12seconds.mp3 */ = {isa = PBXFileReference; lastKnownFileType = audio.mp3; path = 12seconds.mp3; sourceTree = "<group>"; };
		3663DF3722DD699D006657CF /* CompSim.app */ = {isa = PBXFileReference; explicitFileType = wrapper.application; includeInIndex = 0; path = CompSim.app; sourceTree = BUILT_PRODUCTS_DIR; };
		3663DF3A22DD699D006657CF /* AppDelegate.swift */ = {isa = PBXFileReference; lastKnownFileType = sourcecode.swift; path = AppDelegate.swift; sourceTree = "<group>"; };
		3663DF3F22DD699D006657CF /* Base */ = {isa = PBXFileReference; lastKnownFileType = file.storyboard; name = Base; path = Base.lproj/Main.storyboard; sourceTree = "<group>"; };
		3663DF4122DD699E006657CF /* Assets.xcassets */ = {isa = PBXFileReference; lastKnownFileType = folder.assetcatalog; path = Assets.xcassets; sourceTree = "<group>"; };
		3663DF4422DD699E006657CF /* Base */ = {isa = PBXFileReference; lastKnownFileType = file.storyboard; name = Base; path = Base.lproj/LaunchScreen.storyboard; sourceTree = "<group>"; };
		3663DF4622DD699E006657CF /* Info.plist */ = {isa = PBXFileReference; lastKnownFileType = text.plist.xml; path = Info.plist; sourceTree = "<group>"; };
		3663DF4C22DEBB5C006657CF /* ResultViewController.swift */ = {isa = PBXFileReference; lastKnownFileType = sourcecode.swift; path = ResultViewController.swift; sourceTree = "<group>"; };
		3663DF5022DEE4E5006657CF /* ScrambleReader.swift */ = {isa = PBXFileReference; lastKnownFileType = sourcecode.swift; path = ScrambleReader.swift; sourceTree = "<group>"; };
		3669CEC1238B13A900F1D002 /* scrambles.txt */ = {isa = PBXFileReference; fileEncoding = 4; lastKnownFileType = text; path = scrambles.txt; sourceTree = "<group>"; };
		3690EAC0231623E300CB0B78 /* CompSim.entitlements */ = {isa = PBXFileReference; lastKnownFileType = text.plist.entitlements; path = CompSim.entitlements; sourceTree = "<group>"; };
		3690EAE2231627A700CB0B78 /* Pyraminx.m */ = {isa = PBXFileReference; fileEncoding = 4; lastKnownFileType = sourcecode.c.objc; path = Pyraminx.m; sourceTree = "<group>"; };
		3696537823BA45F8000784D9 /* AddSolveAlert.storyboard */ = {isa = PBXFileReference; lastKnownFileType = file.storyboard; path = AddSolveAlert.storyboard; sourceTree = "<group>"; };
		3696537A23BA4671000784D9 /* AddSolveAlertViewController.swift */ = {isa = PBXFileReference; lastKnownFileType = sourcecode.swift; path = AddSolveAlertViewController.swift; sourceTree = "<group>"; };
		3696537C23BA5557000784D9 /* AlertService.swift */ = {isa = PBXFileReference; lastKnownFileType = sourcecode.swift; path = AlertService.swift; sourceTree = "<group>"; };
		3696537E23BA8AEE000784D9 /* SimpleAlertViewController.storyboard */ = {isa = PBXFileReference; lastKnownFileType = file.storyboard; path = SimpleAlertViewController.storyboard; sourceTree = "<group>"; };
		3696538023BA8B5C000784D9 /* SimpleAlertViewController.swift */ = {isa = PBXFileReference; lastKnownFileType = sourcecode.swift; path = SimpleAlertViewController.swift; sourceTree = "<group>"; };
		3696538223BA8F51000784D9 /* SimpleAlertService.swift */ = {isa = PBXFileReference; lastKnownFileType = sourcecode.swift; path = SimpleAlertService.swift; sourceTree = "<group>"; };
		3696538523BA9B5C000784D9 /* ViewSolveAlert.storyboard */ = {isa = PBXFileReference; lastKnownFileType = file.storyboard; path = ViewSolveAlert.storyboard; sourceTree = "<group>"; };
		3696538723BA9F46000784D9 /* ViewSolveAlertService.swift */ = {isa = PBXFileReference; lastKnownFileType = sourcecode.swift; path = ViewSolveAlertService.swift; sourceTree = "<group>"; };
		3696538923BA9F55000784D9 /* ViewSolveAlertViewController.swift */ = {isa = PBXFileReference; lastKnownFileType = sourcecode.swift; path = ViewSolveAlertViewController.swift; sourceTree = "<group>"; };
		36A0A4AA23AF676600D41938 /* SolveTimeList.swift */ = {isa = PBXFileReference; lastKnownFileType = sourcecode.swift; path = SolveTimeList.swift; sourceTree = "<group>"; };
		36B88A9023C7AD93004262CA /* NotificationAlertService.swift */ = {isa = PBXFileReference; lastKnownFileType = sourcecode.swift; path = NotificationAlertService.swift; sourceTree = "<group>"; };
		51B11034A5437C664B7F3657 /* Pods-CompSim.debug.xcconfig */ = {isa = PBXFileReference; includeInIndex = 1; lastKnownFileType = text.xcconfig; name = "Pods-CompSim.debug.xcconfig"; path = "Target Support Files/Pods-CompSim/Pods-CompSim.debug.xcconfig"; sourceTree = "<group>"; };
		A701408881740019BBE202B5 /* Pods_CompSim.framework */ = {isa = PBXFileReference; explicitFileType = wrapper.framework; includeInIndex = 0; path = Pods_CompSim.framework; sourceTree = BUILT_PRODUCTS_DIR; };
		F2409226874AB7090A497119 /* Pods-CompSim.release.xcconfig */ = {isa = PBXFileReference; includeInIndex = 1; lastKnownFileType = text.xcconfig; name = "Pods-CompSim.release.xcconfig"; path = "Target Support Files/Pods-CompSim/Pods-CompSim.release.xcconfig"; sourceTree = "<group>"; };
/* End PBXFileReference section */

/* Begin PBXFrameworksBuildPhase section */
		3663DF3422DD699D006657CF /* Frameworks */ = {
			isa = PBXFrameworksBuildPhase;
			buildActionMask = 2147483647;
			files = (
				C79702DB2D2364D767859210 /* Pods_CompSim.framework in Frameworks */,
			);
			runOnlyForDeploymentPostprocessing = 0;
		};
/* End PBXFrameworksBuildPhase section */

/* Begin PBXGroup section */
		1D2965EAD58F8760A0905C1A /* Frameworks */ = {
			isa = PBXGroup;
			children = (
				A701408881740019BBE202B5 /* Pods_CompSim.framework */,
			);
			name = Frameworks;
			sourceTree = "<group>";
		};
		360BC94623BBE56D00EE8324 /* Sounds */ = {
			isa = PBXGroup;
			children = (
				360BC94B23BBE64C00EE8324 /* cheer.m4a */,
				360BC94F23BBE70B00EE8324 /* Sad_Trombone.mp3 */,
				3654A84323BC09610066A48F /* 8seconds.mp3 */,
				3654A84423BC09610066A48F /* 12seconds.mp3 */,
			);
			path = Sounds;
			sourceTree = "<group>";
		};
		363B3A9923AAA2CE00000286 /* Session */ = {
			isa = PBXGroup;
			children = (
				3634822723A0615F009A14C7 /* SolveTime.swift */,
				3634822923A06653009A14C7 /* Session.swift */,
				36A0A4AA23AF676600D41938 /* SolveTimeList.swift */,
			);
			path = Session;
			sourceTree = "<group>";
		};
		3663DF2E22DD699D006657CF = {
			isa = PBXGroup;
			children = (
				3663DF3922DD699D006657CF /* CompSim */,
				3663DF3822DD699D006657CF /* Products */,
				D4BADD2EF749D20246CDFB2A /* Pods */,
				1D2965EAD58F8760A0905C1A /* Frameworks */,
			);
			sourceTree = "<group>";
		};
		3663DF3822DD699D006657CF /* Products */ = {
			isa = PBXGroup;
			children = (
				3663DF3722DD699D006657CF /* CompSim.app */,
			);
			name = Products;
			sourceTree = "<group>";
		};
		3663DF3922DD699D006657CF /* CompSim */ = {
			isa = PBXGroup;
			children = (
				360BC94623BBE56D00EE8324 /* Sounds */,
				363B3A9923AAA2CE00000286 /* Session */,
				3690EAC0231623E300CB0B78 /* CompSim.entitlements */,
				3690EABB2316201900CB0B78 /* Controllers */,
				3690EABA23161FCC00CB0B78 /* Scramblers */,
				3663DF3E22DD699D006657CF /* Main.storyboard */,
				3663DF3A22DD699D006657CF /* AppDelegate.swift */,
				361231F022FD0B4E0044DEF1 /* CompSim-Bridging-Header.h */,
				3663DF4122DD699E006657CF /* Assets.xcassets */,
				3654A84123BC02280066A48F /* LogoViewController.swift */,
				3663DF4322DD699E006657CF /* LaunchScreen.storyboard */,
				3663DF4622DD699E006657CF /* Info.plist */,
			);
			path = CompSim;
			sourceTree = "<group>";
		};
		3690EABA23161FCC00CB0B78 /* Scramblers */ = {
			isa = PBXGroup;
			children = (
				3669CEC1238B13A900F1D002 /* scrambles.txt */,
				361231F722FD2E870044DEF1 /* Sq1.m */,
				361231FC22FD2F050044DEF1 /* Sq1.h */,
				3663DF5022DEE4E5006657CF /* ScrambleReader.swift */,
				36412EEC22EE787E0034E0FC /* TwoByTwoSolver.swift */,
				361231F122FD289B0044DEF1 /* Clock.m */,
				361231F322FD2A090044DEF1 /* Clock.h */,
				361231F422FD2A360044DEF1 /* Megaminx.h */,
				361231F522FD2A480044DEF1 /* Megaminx.m */,
				361231FD22FD2F230044DEF1 /* Skewb.h */,
				361231FE22FD2F4C0044DEF1 /* Skewb.m */,
				3612320022FD2FEA0044DEF1 /* Pyraminx.h */,
				3690EAE2231627A700CB0B78 /* Pyraminx.m */,
				3612320822FDC5F80044DEF1 /* BigCubeScrambler.m */,
				3612320A22FDC7050044DEF1 /* BigCubeScrambler.h */,
				3690EABF2316227600CB0B78 /* 3x3Scrambler */,
			);
			path = Scramblers;
			sourceTree = "<group>";
		};
		3690EABB2316201900CB0B78 /* Controllers */ = {
			isa = PBXGroup;
			children = (
				3696538423BA9AD6000784D9 /* AlertViewControllers */,
				360F108E22E551E500EEBB75 /* TabBarController.swift */,
				3690EABC2316202100CB0B78 /* ViewControllers */,
			);
			path = Controllers;
			sourceTree = "<group>";
		};
		3690EABC2316202100CB0B78 /* ViewControllers */ = {
			isa = PBXGroup;
			children = (
				3612321423005D9F0044DEF1 /* AverageDetailViewController.swift */,
				361232212300C48E0044DEF1 /* SettingsViewController.swift */,
				3612321723005DA00044DEF1 /* ResultViewController.swift */,
				3612321F2300C2CB0044DEF1 /* TargetViewController.swift */,
				3612321823005DA00044DEF1 /* StatsViewController.swift */,
				3612321323005D9F0044DEF1 /* ViewController.swift */,
				3663DF4C22DEBB5C006657CF /* ResultViewController.swift */,
				36348225239C6E82009A14C7 /* TimerViewController.swift */,
				3617752223DE1A5A00FC6DCE /* HelpViewController.swift */,
			);
			path = ViewControllers;
			sourceTree = "<group>";
		};
		3690EABF2316227600CB0B78 /* 3x3Scrambler */ = {
			isa = PBXGroup;
			children = (
				361231ED22FD0ADF0044DEF1 /* Util.h */,
				361231EE22FD0AF70044DEF1 /* Util.m */,
				3612320322FD30DE0044DEF1 /* Im.m */,
				3612320522FD30F00044DEF1 /* Im.h */,
				361231E322FD07830044DEF1 /* CubieCube.h */,
				361231E422FD07B30044DEF1 /* CubieCube.m */,
				361231E022FD06A10044DEF1 /* CoordCube.m */,
				361231E222FD075B0044DEF1 /* CoordCube.h */,
				361231E622FD08050044DEF1 /* Search.h */,
				361231E722FD081C0044DEF1 /* Search.m */,
				361231E922FD08500044DEF1 /* TwoPhaseScrambler.h */,
				361231EA22FD08E80044DEF1 /* TwoPhaseScrambler.m */,
			);
			path = 3x3Scrambler;
			sourceTree = "<group>";
		};
		3696538423BA9AD6000784D9 /* AlertViewControllers */ = {
			isa = PBXGroup;
			children = (
				363D562123C7B2E000357368 /* NotificationAlertViewController.swift */,
				36B88A9023C7AD93004262CA /* NotificationAlertService.swift */,
				3696537E23BA8AEE000784D9 /* SimpleAlertViewController.storyboard */,
				3696538023BA8B5C000784D9 /* SimpleAlertViewController.swift */,
				3696538223BA8F51000784D9 /* SimpleAlertService.swift */,
				3696537A23BA4671000784D9 /* AddSolveAlertViewController.swift */,
				3696537823BA45F8000784D9 /* AddSolveAlert.storyboard */,
				3696537C23BA5557000784D9 /* AlertService.swift */,
				3696538523BA9B5C000784D9 /* ViewSolveAlert.storyboard */,
				3696538723BA9F46000784D9 /* ViewSolveAlertService.swift */,
				3696538923BA9F55000784D9 /* ViewSolveAlertViewController.swift */,
				363D562323C7B41A00357368 /* NotificationAlert.storyboard */,
			);
			path = AlertViewControllers;
			sourceTree = "<group>";
		};
		D4BADD2EF749D20246CDFB2A /* Pods */ = {
			isa = PBXGroup;
			children = (
				51B11034A5437C664B7F3657 /* Pods-CompSim.debug.xcconfig */,
				F2409226874AB7090A497119 /* Pods-CompSim.release.xcconfig */,
			);
			path = Pods;
			sourceTree = "<group>";
		};
/* End PBXGroup section */

/* Begin PBXNativeTarget section */
		3663DF3622DD699D006657CF /* CompSim */ = {
			isa = PBXNativeTarget;
			buildConfigurationList = 3663DF4922DD699E006657CF /* Build configuration list for PBXNativeTarget "CompSim" */;
			buildPhases = (
				42125AC4B83A2021A84C7815 /* [CP] Check Pods Manifest.lock */,
				3663DF3322DD699D006657CF /* Sources */,
				3663DF3422DD699D006657CF /* Frameworks */,
				3663DF3522DD699D006657CF /* Resources */,
				29484FF40F719859E641D377 /* [CP] Embed Pods Frameworks */,
			);
			buildRules = (
			);
			dependencies = (
			);
			name = CompSim;
			productName = CompSim;
			productReference = 3663DF3722DD699D006657CF /* CompSim.app */;
			productType = "com.apple.product-type.application";
		};
/* End PBXNativeTarget section */

/* Begin PBXProject section */
		3663DF2F22DD699D006657CF /* Project object */ = {
			isa = PBXProject;
			attributes = {
				LastSwiftUpdateCheck = 1020;
				LastUpgradeCheck = 1120;
				ORGANIZATIONNAME = "Rami Sbahi";
				TargetAttributes = {
					3663DF3622DD699D006657CF = {
						CreatedOnToolsVersion = 10.2.1;
						LastSwiftMigration = 1020;
						SystemCapabilities = {
							com.apple.ApplicationGroups.iOS = {
								enabled = 0;
							};
							com.apple.BackgroundModes = {
								enabled = 0;
							};
						};
					};
				};
			};
			buildConfigurationList = 3663DF3222DD699D006657CF /* Build configuration list for PBXProject "CompSim" */;
			compatibilityVersion = "Xcode 9.3";
			developmentRegion = en;
			hasScannedForEncodings = 0;
			knownRegions = (
				en,
				Base,
			);
			mainGroup = 3663DF2E22DD699D006657CF;
			productRefGroup = 3663DF3822DD699D006657CF /* Products */;
			projectDirPath = "";
			projectRoot = "";
			targets = (
				3663DF3622DD699D006657CF /* CompSim */,
			);
		};
/* End PBXProject section */

/* Begin PBXResourcesBuildPhase section */
		3663DF3522DD699D006657CF /* Resources */ = {
			isa = PBXResourcesBuildPhase;
			buildActionMask = 2147483647;
			files = (
				360BC94C23BBE64C00EE8324 /* cheer.m4a in Resources */,
				360BC95023BBE70B00EE8324 /* Sad_Trombone.mp3 in Resources */,
				363D562423C7B41A00357368 /* NotificationAlert.storyboard in Resources */,
				3696537923BA45F8000784D9 /* AddSolveAlert.storyboard in Resources */,
				3663DF4522DD699E006657CF /* LaunchScreen.storyboard in Resources */,
				3696537F23BA8AEF000784D9 /* SimpleAlertViewController.storyboard in Resources */,
				3663DF4222DD699E006657CF /* Assets.xcassets in Resources */,
				3696538623BA9B5C000784D9 /* ViewSolveAlert.storyboard in Resources */,
				3663DF4022DD699D006657CF /* Main.storyboard in Resources */,
				3669CEC2238B13A900F1D002 /* scrambles.txt in Resources */,
				3654A84623BC09610066A48F /* 12seconds.mp3 in Resources */,
				3654A84523BC09610066A48F /* 8seconds.mp3 in Resources */,
			);
			runOnlyForDeploymentPostprocessing = 0;
		};
/* End PBXResourcesBuildPhase section */

/* Begin PBXShellScriptBuildPhase section */
		29484FF40F719859E641D377 /* [CP] Embed Pods Frameworks */ = {
			isa = PBXShellScriptBuildPhase;
			buildActionMask = 2147483647;
			files = (
			);
			inputFileListPaths = (
				"${PODS_ROOT}/Target Support Files/Pods-CompSim/Pods-CompSim-frameworks-${CONFIGURATION}-input-files.xcfilelist",
			);
			name = "[CP] Embed Pods Frameworks";
			outputFileListPaths = (
				"${PODS_ROOT}/Target Support Files/Pods-CompSim/Pods-CompSim-frameworks-${CONFIGURATION}-output-files.xcfilelist",
			);
			runOnlyForDeploymentPostprocessing = 0;
			shellPath = /bin/sh;
			shellScript = "\"${PODS_ROOT}/Target Support Files/Pods-CompSim/Pods-CompSim-frameworks.sh\"\n";
			showEnvVarsInLog = 0;
		};
		42125AC4B83A2021A84C7815 /* [CP] Check Pods Manifest.lock */ = {
			isa = PBXShellScriptBuildPhase;
			buildActionMask = 2147483647;
			files = (
			);
			inputFileListPaths = (
			);
			inputPaths = (
				"${PODS_PODFILE_DIR_PATH}/Podfile.lock",
				"${PODS_ROOT}/Manifest.lock",
			);
			name = "[CP] Check Pods Manifest.lock";
			outputFileListPaths = (
			);
			outputPaths = (
				"$(DERIVED_FILE_DIR)/Pods-CompSim-checkManifestLockResult.txt",
			);
			runOnlyForDeploymentPostprocessing = 0;
			shellPath = /bin/sh;
			shellScript = "diff \"${PODS_PODFILE_DIR_PATH}/Podfile.lock\" \"${PODS_ROOT}/Manifest.lock\" > /dev/null\nif [ $? != 0 ] ; then\n    # print error to STDERR\n    echo \"error: The sandbox is not in sync with the Podfile.lock. Run 'pod install' or update your CocoaPods installation.\" >&2\n    exit 1\nfi\n# This output is used by Xcode 'outputs' to avoid re-running this script phase.\necho \"SUCCESS\" > \"${SCRIPT_OUTPUT_FILE_0}\"\n";
			showEnvVarsInLog = 0;
		};
/* End PBXShellScriptBuildPhase section */

/* Begin PBXSourcesBuildPhase section */
		3663DF3322DD699D006657CF /* Sources */ = {
			isa = PBXSourcesBuildPhase;
			buildActionMask = 2147483647;
			files = (
				3617752323DE1A5A00FC6DCE /* HelpViewController.swift in Sources */,
				3690EB072316293700CB0B78 /* CompSim-Bridging-Header.h in Sources */,
				3690EAE52316293200CB0B78 /* TabBarController.swift in Sources */,
				3634822823A0615F009A14C7 /* SolveTime.swift in Sources */,
				3690EAE62316293200CB0B78 /* ScrambleReader.swift in Sources */,
				3690EAE72316293200CB0B78 /* AverageDetailViewController.swift in Sources */,
				3696538123BA8B5C000784D9 /* SimpleAlertViewController.swift in Sources */,
				3690EAE82316293200CB0B78 /* SettingsViewController.swift in Sources */,
				3696538823BA9F46000784D9 /* ViewSolveAlertService.swift in Sources */,
				3690EAE92316293200CB0B78 /* ResultViewController.swift in Sources */,
				36B88A9123C7AD93004262CA /* NotificationAlertService.swift in Sources */,
				3690EAEA2316293200CB0B78 /* TargetViewController.swift in Sources */,
				3690EAEB2316293200CB0B78 /* StatsViewController.swift in Sources */,
				3690EAEC2316293200CB0B78 /* ViewController.swift in Sources */,
				3690EAEE2316293200CB0B78 /* TwoByTwoSolver.swift in Sources */,
				3690EAEF2316293200CB0B78 /* Clock.m in Sources */,
				3690EB0823162AF800CB0B78 /* AppDelegate.swift in Sources */,
				36A0A4AB23AF676600D41938 /* SolveTimeList.swift in Sources */,
				3696538323BA8F51000784D9 /* SimpleAlertService.swift in Sources */,
				3690EAF02316293200CB0B78 /* Clock.h in Sources */,
				3696537D23BA5557000784D9 /* AlertService.swift in Sources */,
				3690EAF12316293200CB0B78 /* Megaminx.h in Sources */,
				3690EAF22316293200CB0B78 /* Megaminx.m in Sources */,
				3690EAF32316293200CB0B78 /* Sq1.m in Sources */,
				3690EAF42316293200CB0B78 /* Sq1.h in Sources */,
				3690EAF52316293200CB0B78 /* Skewb.h in Sources */,
				3690EAF62316293200CB0B78 /* Skewb.m in Sources */,
				3690EAF72316293200CB0B78 /* Pyraminx.h in Sources */,
				3690EAF82316293200CB0B78 /* Pyraminx.m in Sources */,
				3654A84223BC02280066A48F /* LogoViewController.swift in Sources */,
				3690EAF92316293200CB0B78 /* BigCubeScrambler.m in Sources */,
				3690EAFA2316293200CB0B78 /* BigCubeScrambler.h in Sources */,
				3690EAFB2316293200CB0B78 /* Util.h in Sources */,
				3690EAFC2316293200CB0B78 /* Util.m in Sources */,
				3690EAFD2316293200CB0B78 /* Im.m in Sources */,
				3690EAFE2316293200CB0B78 /* Im.h in Sources */,
				3696538A23BA9F55000784D9 /* ViewSolveAlertViewController.swift in Sources */,
				3690EAFF2316293200CB0B78 /* CubieCube.h in Sources */,
				36348226239C6E82009A14C7 /* TimerViewController.swift in Sources */,
				3634822A23A06653009A14C7 /* Session.swift in Sources */,
				3690EB002316293200CB0B78 /* CubieCube.m in Sources */,
				3690EB012316293200CB0B78 /* CoordCube.m in Sources */,
				3690EB022316293200CB0B78 /* CoordCube.h in Sources */,
				3690EB032316293200CB0B78 /* Search.h in Sources */,
				3690EB042316293200CB0B78 /* Search.m in Sources */,
				3690EB052316293200CB0B78 /* TwoPhaseScrambler.h in Sources */,
				3690EB062316293200CB0B78 /* TwoPhaseScrambler.m in Sources */,
				363D562223C7B2E000357368 /* NotificationAlertViewController.swift in Sources */,
				3696537B23BA4671000784D9 /* AddSolveAlertViewController.swift in Sources */,
			);
			runOnlyForDeploymentPostprocessing = 0;
		};
/* End PBXSourcesBuildPhase section */

/* Begin PBXVariantGroup section */
		3663DF3E22DD699D006657CF /* Main.storyboard */ = {
			isa = PBXVariantGroup;
			children = (
				3663DF3F22DD699D006657CF /* Base */,
			);
			name = Main.storyboard;
			sourceTree = "<group>";
		};
		3663DF4322DD699E006657CF /* LaunchScreen.storyboard */ = {
			isa = PBXVariantGroup;
			children = (
				3663DF4422DD699E006657CF /* Base */,
			);
			name = LaunchScreen.storyboard;
			sourceTree = "<group>";
		};
/* End PBXVariantGroup section */

/* Begin XCBuildConfiguration section */
		3663DF4722DD699E006657CF /* Debug */ = {
			isa = XCBuildConfiguration;
			buildSettings = {
				ALWAYS_SEARCH_USER_PATHS = NO;
				CLANG_ANALYZER_NONNULL = YES;
				CLANG_ANALYZER_NUMBER_OBJECT_CONVERSION = YES_AGGRESSIVE;
				CLANG_CXX_LANGUAGE_STANDARD = "gnu++14";
				CLANG_CXX_LIBRARY = "libc++";
				CLANG_ENABLE_MODULES = YES;
				CLANG_ENABLE_OBJC_ARC = YES;
				CLANG_ENABLE_OBJC_WEAK = YES;
				CLANG_WARN_BLOCK_CAPTURE_AUTORELEASING = YES;
				CLANG_WARN_BOOL_CONVERSION = YES;
				CLANG_WARN_COMMA = YES;
				CLANG_WARN_CONSTANT_CONVERSION = YES;
				CLANG_WARN_DEPRECATED_OBJC_IMPLEMENTATIONS = YES;
				CLANG_WARN_DIRECT_OBJC_ISA_USAGE = YES_ERROR;
				CLANG_WARN_DOCUMENTATION_COMMENTS = YES;
				CLANG_WARN_EMPTY_BODY = YES;
				CLANG_WARN_ENUM_CONVERSION = YES;
				CLANG_WARN_INFINITE_RECURSION = YES;
				CLANG_WARN_INT_CONVERSION = YES;
				CLANG_WARN_NON_LITERAL_NULL_CONVERSION = YES;
				CLANG_WARN_OBJC_IMPLICIT_RETAIN_SELF = YES;
				CLANG_WARN_OBJC_LITERAL_CONVERSION = YES;
				CLANG_WARN_OBJC_ROOT_CLASS = YES_ERROR;
				CLANG_WARN_RANGE_LOOP_ANALYSIS = YES;
				CLANG_WARN_STRICT_PROTOTYPES = YES;
				CLANG_WARN_SUSPICIOUS_MOVE = YES;
				CLANG_WARN_UNGUARDED_AVAILABILITY = YES_AGGRESSIVE;
				CLANG_WARN_UNREACHABLE_CODE = YES;
				CLANG_WARN__DUPLICATE_METHOD_MATCH = YES;
				CODE_SIGN_IDENTITY = "iPhone Developer";
				COPY_PHASE_STRIP = NO;
				DEBUG_INFORMATION_FORMAT = dwarf;
				ENABLE_STRICT_OBJC_MSGSEND = YES;
				ENABLE_TESTABILITY = YES;
				GCC_C_LANGUAGE_STANDARD = gnu11;
				GCC_DYNAMIC_NO_PIC = NO;
				GCC_NO_COMMON_BLOCKS = NO;
				GCC_OPTIMIZATION_LEVEL = 0;
				GCC_PREPROCESSOR_DEFINITIONS = (
					"DEBUG=1",
					"$(inherited)",
				);
				GCC_WARN_64_TO_32_BIT_CONVERSION = YES;
				GCC_WARN_ABOUT_RETURN_TYPE = YES_ERROR;
				GCC_WARN_UNDECLARED_SELECTOR = YES;
				GCC_WARN_UNINITIALIZED_AUTOS = YES_AGGRESSIVE;
				GCC_WARN_UNUSED_FUNCTION = YES;
				GCC_WARN_UNUSED_VARIABLE = YES;
				IPHONEOS_DEPLOYMENT_TARGET = 13.2;
				MTL_ENABLE_DEBUG_INFO = INCLUDE_SOURCE;
				MTL_FAST_MATH = YES;
				ONLY_ACTIVE_ARCH = YES;
				SDKROOT = iphoneos;
				SWIFT_ACTIVE_COMPILATION_CONDITIONS = DEBUG;
				SWIFT_OPTIMIZATION_LEVEL = "-Onone";
			};
			name = Debug;
		};
		3663DF4822DD699E006657CF /* Release */ = {
			isa = XCBuildConfiguration;
			buildSettings = {
				ALWAYS_SEARCH_USER_PATHS = NO;
				CLANG_ANALYZER_NONNULL = YES;
				CLANG_ANALYZER_NUMBER_OBJECT_CONVERSION = YES_AGGRESSIVE;
				CLANG_CXX_LANGUAGE_STANDARD = "gnu++14";
				CLANG_CXX_LIBRARY = "libc++";
				CLANG_ENABLE_MODULES = YES;
				CLANG_ENABLE_OBJC_ARC = YES;
				CLANG_ENABLE_OBJC_WEAK = YES;
				CLANG_WARN_BLOCK_CAPTURE_AUTORELEASING = YES;
				CLANG_WARN_BOOL_CONVERSION = YES;
				CLANG_WARN_COMMA = YES;
				CLANG_WARN_CONSTANT_CONVERSION = YES;
				CLANG_WARN_DEPRECATED_OBJC_IMPLEMENTATIONS = YES;
				CLANG_WARN_DIRECT_OBJC_ISA_USAGE = YES_ERROR;
				CLANG_WARN_DOCUMENTATION_COMMENTS = YES;
				CLANG_WARN_EMPTY_BODY = YES;
				CLANG_WARN_ENUM_CONVERSION = YES;
				CLANG_WARN_INFINITE_RECURSION = YES;
				CLANG_WARN_INT_CONVERSION = YES;
				CLANG_WARN_NON_LITERAL_NULL_CONVERSION = YES;
				CLANG_WARN_OBJC_IMPLICIT_RETAIN_SELF = YES;
				CLANG_WARN_OBJC_LITERAL_CONVERSION = YES;
				CLANG_WARN_OBJC_ROOT_CLASS = YES_ERROR;
				CLANG_WARN_RANGE_LOOP_ANALYSIS = YES;
				CLANG_WARN_STRICT_PROTOTYPES = YES;
				CLANG_WARN_SUSPICIOUS_MOVE = YES;
				CLANG_WARN_UNGUARDED_AVAILABILITY = YES_AGGRESSIVE;
				CLANG_WARN_UNREACHABLE_CODE = YES;
				CLANG_WARN__DUPLICATE_METHOD_MATCH = YES;
				CODE_SIGN_IDENTITY = "iPhone Developer";
				COPY_PHASE_STRIP = NO;
				DEBUG_INFORMATION_FORMAT = "dwarf-with-dsym";
				ENABLE_NS_ASSERTIONS = NO;
				ENABLE_STRICT_OBJC_MSGSEND = YES;
				GCC_C_LANGUAGE_STANDARD = gnu11;
				GCC_NO_COMMON_BLOCKS = NO;
				GCC_WARN_64_TO_32_BIT_CONVERSION = YES;
				GCC_WARN_ABOUT_RETURN_TYPE = YES_ERROR;
				GCC_WARN_UNDECLARED_SELECTOR = YES;
				GCC_WARN_UNINITIALIZED_AUTOS = YES_AGGRESSIVE;
				GCC_WARN_UNUSED_FUNCTION = YES;
				GCC_WARN_UNUSED_VARIABLE = YES;
				IPHONEOS_DEPLOYMENT_TARGET = 13.2;
				MTL_ENABLE_DEBUG_INFO = NO;
				MTL_FAST_MATH = YES;
				SDKROOT = iphoneos;
				SWIFT_COMPILATION_MODE = wholemodule;
				SWIFT_OPTIMIZATION_LEVEL = "-O";
				VALIDATE_PRODUCT = YES;
			};
			name = Release;
		};
		3663DF4A22DD699E006657CF /* Debug */ = {
			isa = XCBuildConfiguration;
			baseConfigurationReference = 51B11034A5437C664B7F3657 /* Pods-CompSim.debug.xcconfig */;
			buildSettings = {
				ASSETCATALOG_COMPILER_APPICON_NAME = AppIcon;
				CLANG_ENABLE_MODULES = YES;
				CODE_SIGN_STYLE = Automatic;
				CURRENT_PROJECT_VERSION = 6;
				DEVELOPMENT_TEAM = JJ3T82U92L;
				INFOPLIST_FILE = CompSim/Info.plist;
				LD_RUNPATH_SEARCH_PATHS = (
					"$(inherited)",
					"@executable_path/Frameworks",
				);
				MARKETING_VERSION = 1.3.0;
				PRODUCT_BUNDLE_IDENTIFIER = com.ramisbahi.CompSim;
				PRODUCT_NAME = "$(TARGET_NAME)";
				SWIFT_OBJC_BRIDGING_HEADER = "CompSim/CompSim-Bridging-Header.h";
				SWIFT_OPTIMIZATION_LEVEL = "-Onone";
				SWIFT_VERSION = 5.0;
				TARGETED_DEVICE_FAMILY = "1,2";
			};
			name = Debug;
		};
		3663DF4B22DD699E006657CF /* Release */ = {
			isa = XCBuildConfiguration;
			baseConfigurationReference = F2409226874AB7090A497119 /* Pods-CompSim.release.xcconfig */;
			buildSettings = {
				ASSETCATALOG_COMPILER_APPICON_NAME = AppIcon;
				CLANG_ENABLE_MODULES = YES;
				CODE_SIGN_STYLE = Automatic;
				CURRENT_PROJECT_VERSION = 6;
				DEVELOPMENT_TEAM = JJ3T82U92L;
				INFOPLIST_FILE = CompSim/Info.plist;
				LD_RUNPATH_SEARCH_PATHS = (
					"$(inherited)",
					"@executable_path/Frameworks",
				);
				MARKETING_VERSION = 1.3.0;
				PRODUCT_BUNDLE_IDENTIFIER = com.ramisbahi.CompSim;
				PRODUCT_NAME = "$(TARGET_NAME)";
				SWIFT_OBJC_BRIDGING_HEADER = "CompSim/CompSim-Bridging-Header.h";
				SWIFT_VERSION = 5.0;
				TARGETED_DEVICE_FAMILY = "1,2";
			};
			name = Release;
		};
/* End XCBuildConfiguration section */

/* Begin XCConfigurationList section */
		3663DF3222DD699D006657CF /* Build configuration list for PBXProject "CompSim" */ = {
			isa = XCConfigurationList;
			buildConfigurations = (
				3663DF4722DD699E006657CF /* Debug */,
				3663DF4822DD699E006657CF /* Release */,
			);
			defaultConfigurationIsVisible = 0;
			defaultConfigurationName = Release;
		};
		3663DF4922DD699E006657CF /* Build configuration list for PBXNativeTarget "CompSim" */ = {
			isa = XCConfigurationList;
			buildConfigurations = (
				3663DF4A22DD699E006657CF /* Debug */,
				3663DF4B22DD699E006657CF /* Release */,
			);
			defaultConfigurationIsVisible = 0;
			defaultConfigurationName = Release;
		};
/* End XCConfigurationList section */
	};
	rootObject = 3663DF2F22DD699D006657CF /* Project object */;
}
